
Microsoft Visual Studio Solution File, Format Version 12.00
# Visual Studio Version 17
VisualStudioVersion = 17.0.32014.148
MinimumVisualStudioVersion = 10.0.40219.1
Project("{6EC3EE1D-3C4E-46DD-8F32-0CC8E7565705}") = "Gort.Sorting", "Gort.Sorting\Gort.Sorting.fsproj", "{51BDD49B-95C2-488B-BBE2-368D479A780E}"
EndProject
Project("{6EC3EE1D-3C4E-46DD-8F32-0CC8E7565705}") = "Gort.Core", "Gort.Core\Gort.Core.fsproj", "{AE7FD1A2-DDA1-463E-9267-713EC176C555}"
EndProject
Project("{6EC3EE1D-3C4E-46DD-8F32-0CC8E7565705}") = "Gort.Core.Test", "Gort.Core.Test\Gort.Core.Test.fsproj", "{3E7D64F0-44BE-491C-B001-1A1FD375178C}"
EndProject
Project("{2150E333-8FDC-42A3-9474-1A3956D46DE8}") = "Core", "Core", "{3652C532-4DB6-40F7-ADEF-3E0FCAFCF83D}"
EndProject
Project("{2150E333-8FDC-42A3-9474-1A3956D46DE8}") = "Sorting", "Sorting", "{2B829392-3B93-4819-9F1D-B62267577BAC}"
EndProject
Project("{6EC3EE1D-3C4E-46DD-8F32-0CC8E7565705}") = "Gort.Sorting.Test", "Gort.Sorting.Test\Gort.Sorting.Test.fsproj", "{F5894694-3CBB-4F68-BF38-D507D4912B95}"
EndProject
Project("{2150E333-8FDC-42A3-9474-1A3956D46DE8}") = "Data", "Data", "{59100077-5593-48FE-8A80-488527E2A77E}"
EndProject
Project("{2150E333-8FDC-42A3-9474-1A3956D46DE8}") = "DataStore", "DataStore", "{E7864662-9C8F-453C-967A-13DEBE3741FE}"
EndProject
Project("{6EC3EE1D-3C4E-46DD-8F32-0CC8E7565705}") = "Gort.DataConvert", "Gort.DataConvert\Gort.DataConvert.fsproj", "{A22AB17C-67AF-4DE4-8482-FA9030960243}"
EndProject
Project("{6EC3EE1D-3C4E-46DD-8F32-0CC8E7565705}") = "Gort.DataConvert.Test", "Gort.DataConvert.Test\Gort.DataConvert.Test.fsproj", "{635CBBE6-607C-48FC-BD88-150133091F71}"
EndProject
Project("{2150E333-8FDC-42A3-9474-1A3956D46DE8}") = "SortingOps", "SortingOps", "{4DA85C61-3CB2-4B90-A441-FA32B5797731}"
EndProject
Project("{6EC3EE1D-3C4E-46DD-8F32-0CC8E7565705}") = "Gort.SortingOps", "Gort.SortingOps\Gort.SortingOps.fsproj", "{C69C697E-AA44-48CE-9423-69D0B64EE9D3}"
EndProject
Project("{6EC3EE1D-3C4E-46DD-8F32-0CC8E7565705}") = "Gort.SortingOps.Test", "Gort.SortingOps.Test\Gort.SortingOps.Test.fsproj", "{D0B081A4-E865-4AAB-B3C9-4A179B2AE0A7}"
EndProject
Project("{6EC3EE1D-3C4E-46DD-8F32-0CC8E7565705}") = "Gort.SortingResults.Test", "Gort.SortingResults.Test\Gort.SortingResults.Test.fsproj", "{A5B6BC57-ABB1-407C-AC81-8E37DF5726B2}"
EndProject
Project("{6EC3EE1D-3C4E-46DD-8F32-0CC8E7565705}") = "Gort.SortingResults", "Gort.SortingResults\Gort.SortingResults.fsproj", "{34D3F851-E387-4A75-867C-5E91F4AAA650}"
EndProject
Project("{2150E333-8FDC-42A3-9474-1A3956D46DE8}") = "SortingResults", "SortingResults", "{F9210572-9217-4A8E-BA9F-6B59DF254D5B}"
EndProject
Project("{6EC3EE1D-3C4E-46DD-8F32-0CC8E7565705}") = "Gort.Genome", "Gort.Genome\Gort.Genome.fsproj", "{AA8BF7C7-71C5-4667-A6B1-3507AC6BABC7}"
EndProject
Project("{2150E333-8FDC-42A3-9474-1A3956D46DE8}") = "Genome", "Genome", "{E1D59AFF-BEBF-4D10-9CE4-5AB156A316CC}"
EndProject
Project("{6EC3EE1D-3C4E-46DD-8F32-0CC8E7565705}") = "Gort.Genome.Test", "Gort.Genome.Test\Gort.Genome.Test.fsproj", "{FD214A0F-B101-48A7-9078-234B43FA3788}"
EndProject
Project("{6EC3EE1D-3C4E-46DD-8F32-0CC8E7565705}") = "Gort.Config", "Gort.Config\Gort.Config.fsproj", "{3D99C2D3-8B8D-4F4A-8C4E-3D666BC44D44}"
EndProject
Project("{6EC3EE1D-3C4E-46DD-8F32-0CC8E7565705}") = "Gort.Config.Test", "Gort.Config.Test\Gort.Config.Test.fsproj", "{5E5C9993-CFB4-4A82-944F-D8F8720AFE23}"
EndProject
Project("{6EC3EE1D-3C4E-46DD-8F32-0CC8E7565705}") = "Gort.Cfg", "Gort.Cfg\Gort.Cfg.fsproj", "{FD98DB65-70D9-4AE8-8473-5275BB224DAB}"
EndProject
Global
	GlobalSection(SolutionConfigurationPlatforms) = preSolution
		Debug|Any CPU = Debug|Any CPU
		Debug|x64 = Debug|x64
		Release|Any CPU = Release|Any CPU
		Release|x64 = Release|x64
	EndGlobalSection
	GlobalSection(ProjectConfigurationPlatforms) = postSolution
		{51BDD49B-95C2-488B-BBE2-368D479A780E}.Debug|Any CPU.ActiveCfg = Debug|Any CPU
		{51BDD49B-95C2-488B-BBE2-368D479A780E}.Debug|Any CPU.Build.0 = Debug|Any CPU
		{51BDD49B-95C2-488B-BBE2-368D479A780E}.Debug|x64.ActiveCfg = Debug|Any CPU
		{51BDD49B-95C2-488B-BBE2-368D479A780E}.Debug|x64.Build.0 = Debug|Any CPU
		{51BDD49B-95C2-488B-BBE2-368D479A780E}.Release|Any CPU.ActiveCfg = Release|Any CPU
		{51BDD49B-95C2-488B-BBE2-368D479A780E}.Release|Any CPU.Build.0 = Release|Any CPU
		{51BDD49B-95C2-488B-BBE2-368D479A780E}.Release|x64.ActiveCfg = Release|Any CPU
		{51BDD49B-95C2-488B-BBE2-368D479A780E}.Release|x64.Build.0 = Release|Any CPU
		{AE7FD1A2-DDA1-463E-9267-713EC176C555}.Debug|Any CPU.ActiveCfg = Debug|Any CPU
		{AE7FD1A2-DDA1-463E-9267-713EC176C555}.Debug|Any CPU.Build.0 = Debug|Any CPU
		{AE7FD1A2-DDA1-463E-9267-713EC176C555}.Debug|x64.ActiveCfg = Debug|x64
		{AE7FD1A2-DDA1-463E-9267-713EC176C555}.Debug|x64.Build.0 = Debug|x64
		{AE7FD1A2-DDA1-463E-9267-713EC176C555}.Release|Any CPU.ActiveCfg = Release|Any CPU
		{AE7FD1A2-DDA1-463E-9267-713EC176C555}.Release|Any CPU.Build.0 = Release|Any CPU
		{AE7FD1A2-DDA1-463E-9267-713EC176C555}.Release|x64.ActiveCfg = Release|x64
		{AE7FD1A2-DDA1-463E-9267-713EC176C555}.Release|x64.Build.0 = Release|x64
		{3E7D64F0-44BE-491C-B001-1A1FD375178C}.Debug|Any CPU.ActiveCfg = Debug|Any CPU
		{3E7D64F0-44BE-491C-B001-1A1FD375178C}.Debug|Any CPU.Build.0 = Debug|Any CPU
		{3E7D64F0-44BE-491C-B001-1A1FD375178C}.Debug|x64.ActiveCfg = Debug|Any CPU
		{3E7D64F0-44BE-491C-B001-1A1FD375178C}.Debug|x64.Build.0 = Debug|Any CPU
		{3E7D64F0-44BE-491C-B001-1A1FD375178C}.Release|Any CPU.ActiveCfg = Release|Any CPU
		{3E7D64F0-44BE-491C-B001-1A1FD375178C}.Release|Any CPU.Build.0 = Release|Any CPU
		{3E7D64F0-44BE-491C-B001-1A1FD375178C}.Release|x64.ActiveCfg = Release|Any CPU
		{3E7D64F0-44BE-491C-B001-1A1FD375178C}.Release|x64.Build.0 = Release|Any CPU
		{F5894694-3CBB-4F68-BF38-D507D4912B95}.Debug|Any CPU.ActiveCfg = Debug|Any CPU
		{F5894694-3CBB-4F68-BF38-D507D4912B95}.Debug|Any CPU.Build.0 = Debug|Any CPU
		{F5894694-3CBB-4F68-BF38-D507D4912B95}.Debug|x64.ActiveCfg = Debug|Any CPU
		{F5894694-3CBB-4F68-BF38-D507D4912B95}.Debug|x64.Build.0 = Debug|Any CPU
		{F5894694-3CBB-4F68-BF38-D507D4912B95}.Release|Any CPU.ActiveCfg = Release|Any CPU
		{F5894694-3CBB-4F68-BF38-D507D4912B95}.Release|Any CPU.Build.0 = Release|Any CPU
		{F5894694-3CBB-4F68-BF38-D507D4912B95}.Release|x64.ActiveCfg = Release|Any CPU
		{F5894694-3CBB-4F68-BF38-D507D4912B95}.Release|x64.Build.0 = Release|Any CPU
		{A22AB17C-67AF-4DE4-8482-FA9030960243}.Debug|Any CPU.ActiveCfg = Debug|Any CPU
		{A22AB17C-67AF-4DE4-8482-FA9030960243}.Debug|Any CPU.Build.0 = Debug|Any CPU
		{A22AB17C-67AF-4DE4-8482-FA9030960243}.Debug|x64.ActiveCfg = Debug|Any CPU
		{A22AB17C-67AF-4DE4-8482-FA9030960243}.Debug|x64.Build.0 = Debug|Any CPU
		{A22AB17C-67AF-4DE4-8482-FA9030960243}.Release|Any CPU.ActiveCfg = Release|Any CPU
		{A22AB17C-67AF-4DE4-8482-FA9030960243}.Release|Any CPU.Build.0 = Release|Any CPU
		{A22AB17C-67AF-4DE4-8482-FA9030960243}.Release|x64.ActiveCfg = Release|Any CPU
		{A22AB17C-67AF-4DE4-8482-FA9030960243}.Release|x64.Build.0 = Release|Any CPU
		{635CBBE6-607C-48FC-BD88-150133091F71}.Debug|Any CPU.ActiveCfg = Debug|Any CPU
		{635CBBE6-607C-48FC-BD88-150133091F71}.Debug|Any CPU.Build.0 = Debug|Any CPU
		{635CBBE6-607C-48FC-BD88-150133091F71}.Debug|x64.ActiveCfg = Debug|Any CPU
		{635CBBE6-607C-48FC-BD88-150133091F71}.Debug|x64.Build.0 = Debug|Any CPU
		{635CBBE6-607C-48FC-BD88-150133091F71}.Release|Any CPU.ActiveCfg = Release|Any CPU
		{635CBBE6-607C-48FC-BD88-150133091F71}.Release|Any CPU.Build.0 = Release|Any CPU
		{635CBBE6-607C-48FC-BD88-150133091F71}.Release|x64.ActiveCfg = Release|Any CPU
		{635CBBE6-607C-48FC-BD88-150133091F71}.Release|x64.Build.0 = Release|Any CPU
		{C69C697E-AA44-48CE-9423-69D0B64EE9D3}.Debug|Any CPU.ActiveCfg = Debug|Any CPU
		{C69C697E-AA44-48CE-9423-69D0B64EE9D3}.Debug|Any CPU.Build.0 = Debug|Any CPU
		{C69C697E-AA44-48CE-9423-69D0B64EE9D3}.Debug|x64.ActiveCfg = Debug|Any CPU
		{C69C697E-AA44-48CE-9423-69D0B64EE9D3}.Debug|x64.Build.0 = Debug|Any CPU
		{C69C697E-AA44-48CE-9423-69D0B64EE9D3}.Release|Any CPU.ActiveCfg = Release|Any CPU
		{C69C697E-AA44-48CE-9423-69D0B64EE9D3}.Release|Any CPU.Build.0 = Release|Any CPU
		{C69C697E-AA44-48CE-9423-69D0B64EE9D3}.Release|x64.ActiveCfg = Release|Any CPU
		{C69C697E-AA44-48CE-9423-69D0B64EE9D3}.Release|x64.Build.0 = Release|Any CPU
		{D0B081A4-E865-4AAB-B3C9-4A179B2AE0A7}.Debug|Any CPU.ActiveCfg = Debug|Any CPU
		{D0B081A4-E865-4AAB-B3C9-4A179B2AE0A7}.Debug|Any CPU.Build.0 = Debug|Any CPU
		{D0B081A4-E865-4AAB-B3C9-4A179B2AE0A7}.Debug|x64.ActiveCfg = Debug|Any CPU
		{D0B081A4-E865-4AAB-B3C9-4A179B2AE0A7}.Debug|x64.Build.0 = Debug|Any CPU
		{D0B081A4-E865-4AAB-B3C9-4A179B2AE0A7}.Release|Any CPU.ActiveCfg = Release|Any CPU
		{D0B081A4-E865-4AAB-B3C9-4A179B2AE0A7}.Release|Any CPU.Build.0 = Release|Any CPU
		{D0B081A4-E865-4AAB-B3C9-4A179B2AE0A7}.Release|x64.ActiveCfg = Release|Any CPU
		{D0B081A4-E865-4AAB-B3C9-4A179B2AE0A7}.Release|x64.Build.0 = Release|Any CPU
		{A5B6BC57-ABB1-407C-AC81-8E37DF5726B2}.Debug|Any CPU.ActiveCfg = Debug|Any CPU
		{A5B6BC57-ABB1-407C-AC81-8E37DF5726B2}.Debug|Any CPU.Build.0 = Debug|Any CPU
		{A5B6BC57-ABB1-407C-AC81-8E37DF5726B2}.Debug|x64.ActiveCfg = Debug|Any CPU
		{A5B6BC57-ABB1-407C-AC81-8E37DF5726B2}.Debug|x64.Build.0 = Debug|Any CPU
		{A5B6BC57-ABB1-407C-AC81-8E37DF5726B2}.Release|Any CPU.ActiveCfg = Release|Any CPU
		{A5B6BC57-ABB1-407C-AC81-8E37DF5726B2}.Release|Any CPU.Build.0 = Release|Any CPU
		{A5B6BC57-ABB1-407C-AC81-8E37DF5726B2}.Release|x64.ActiveCfg = Release|Any CPU
		{A5B6BC57-ABB1-407C-AC81-8E37DF5726B2}.Release|x64.Build.0 = Release|Any CPU
		{34D3F851-E387-4A75-867C-5E91F4AAA650}.Debug|Any CPU.ActiveCfg = Debug|Any CPU
		{34D3F851-E387-4A75-867C-5E91F4AAA650}.Debug|Any CPU.Build.0 = Debug|Any CPU
		{34D3F851-E387-4A75-867C-5E91F4AAA650}.Debug|x64.ActiveCfg = Debug|Any CPU
		{34D3F851-E387-4A75-867C-5E91F4AAA650}.Debug|x64.Build.0 = Debug|Any CPU
		{34D3F851-E387-4A75-867C-5E91F4AAA650}.Release|Any CPU.ActiveCfg = Release|Any CPU
		{34D3F851-E387-4A75-867C-5E91F4AAA650}.Release|Any CPU.Build.0 = Release|Any CPU
		{34D3F851-E387-4A75-867C-5E91F4AAA650}.Release|x64.ActiveCfg = Release|Any CPU
		{34D3F851-E387-4A75-867C-5E91F4AAA650}.Release|x64.Build.0 = Release|Any CPU
		{AA8BF7C7-71C5-4667-A6B1-3507AC6BABC7}.Debug|Any CPU.ActiveCfg = Debug|Any CPU
		{AA8BF7C7-71C5-4667-A6B1-3507AC6BABC7}.Debug|Any CPU.Build.0 = Debug|Any CPU
		{AA8BF7C7-71C5-4667-A6B1-3507AC6BABC7}.Debug|x64.ActiveCfg = Debug|Any CPU
		{AA8BF7C7-71C5-4667-A6B1-3507AC6BABC7}.Debug|x64.Build.0 = Debug|Any CPU
		{AA8BF7C7-71C5-4667-A6B1-3507AC6BABC7}.Release|Any CPU.ActiveCfg = Release|Any CPU
		{AA8BF7C7-71C5-4667-A6B1-3507AC6BABC7}.Release|Any CPU.Build.0 = Release|Any CPU
		{AA8BF7C7-71C5-4667-A6B1-3507AC6BABC7}.Release|x64.ActiveCfg = Release|Any CPU
		{AA8BF7C7-71C5-4667-A6B1-3507AC6BABC7}.Release|x64.Build.0 = Release|Any CPU
		{FD214A0F-B101-48A7-9078-234B43FA3788}.Debug|Any CPU.ActiveCfg = Debug|Any CPU
		{FD214A0F-B101-48A7-9078-234B43FA3788}.Debug|Any CPU.Build.0 = Debug|Any CPU
		{FD214A0F-B101-48A7-9078-234B43FA3788}.Debug|x64.ActiveCfg = Debug|Any CPU
		{FD214A0F-B101-48A7-9078-234B43FA3788}.Debug|x64.Build.0 = Debug|Any CPU
		{FD214A0F-B101-48A7-9078-234B43FA3788}.Release|Any CPU.ActiveCfg = Release|Any CPU
		{FD214A0F-B101-48A7-9078-234B43FA3788}.Release|Any CPU.Build.0 = Release|Any CPU
		{FD214A0F-B101-48A7-9078-234B43FA3788}.Release|x64.ActiveCfg = Release|Any CPU
		{FD214A0F-B101-48A7-9078-234B43FA3788}.Release|x64.Build.0 = Release|Any CPU
		{3D99C2D3-8B8D-4F4A-8C4E-3D666BC44D44}.Debug|Any CPU.ActiveCfg = Debug|Any CPU
		{3D99C2D3-8B8D-4F4A-8C4E-3D666BC44D44}.Debug|Any CPU.Build.0 = Debug|Any CPU
		{3D99C2D3-8B8D-4F4A-8C4E-3D666BC44D44}.Debug|x64.ActiveCfg = Debug|Any CPU
		{3D99C2D3-8B8D-4F4A-8C4E-3D666BC44D44}.Debug|x64.Build.0 = Debug|Any CPU
		{3D99C2D3-8B8D-4F4A-8C4E-3D666BC44D44}.Release|Any CPU.ActiveCfg = Release|Any CPU
		{3D99C2D3-8B8D-4F4A-8C4E-3D666BC44D44}.Release|Any CPU.Build.0 = Release|Any CPU
		{3D99C2D3-8B8D-4F4A-8C4E-3D666BC44D44}.Release|x64.ActiveCfg = Release|Any CPU
		{3D99C2D3-8B8D-4F4A-8C4E-3D666BC44D44}.Release|x64.Build.0 = Release|Any CPU
		{5E5C9993-CFB4-4A82-944F-D8F8720AFE23}.Debug|Any CPU.ActiveCfg = Debug|Any CPU
		{5E5C9993-CFB4-4A82-944F-D8F8720AFE23}.Debug|Any CPU.Build.0 = Debug|Any CPU
		{5E5C9993-CFB4-4A82-944F-D8F8720AFE23}.Debug|x64.ActiveCfg = Debug|Any CPU
		{5E5C9993-CFB4-4A82-944F-D8F8720AFE23}.Debug|x64.Build.0 = Debug|Any CPU
		{5E5C9993-CFB4-4A82-944F-D8F8720AFE23}.Release|Any CPU.ActiveCfg = Release|Any CPU
		{5E5C9993-CFB4-4A82-944F-D8F8720AFE23}.Release|Any CPU.Build.0 = Release|Any CPU
		{5E5C9993-CFB4-4A82-944F-D8F8720AFE23}.Release|x64.ActiveCfg = Release|Any CPU
		{5E5C9993-CFB4-4A82-944F-D8F8720AFE23}.Release|x64.Build.0 = Release|Any CPU
		{FD98DB65-70D9-4AE8-8473-5275BB224DAB}.Debug|Any CPU.ActiveCfg = Debug|Any CPU
		{FD98DB65-70D9-4AE8-8473-5275BB224DAB}.Debug|Any CPU.Build.0 = Debug|Any CPU
		{FD98DB65-70D9-4AE8-8473-5275BB224DAB}.Debug|x64.ActiveCfg = Debug|Any CPU
		{FD98DB65-70D9-4AE8-8473-5275BB224DAB}.Debug|x64.Build.0 = Debug|Any CPU
		{FD98DB65-70D9-4AE8-8473-5275BB224DAB}.Release|Any CPU.ActiveCfg = Release|Any CPU
		{FD98DB65-70D9-4AE8-8473-5275BB224DAB}.Release|Any CPU.Build.0 = Release|Any CPU
		{FD98DB65-70D9-4AE8-8473-5275BB224DAB}.Release|x64.ActiveCfg = Release|Any CPU
		{FD98DB65-70D9-4AE8-8473-5275BB224DAB}.Release|x64.Build.0 = Release|Any CPU
	EndGlobalSection
	GlobalSection(SolutionProperties) = preSolution
		HideSolutionNode = FALSE
	EndGlobalSection
	GlobalSection(NestedProjects) = preSolution
		{51BDD49B-95C2-488B-BBE2-368D479A780E} = {2B829392-3B93-4819-9F1D-B62267577BAC}
		{AE7FD1A2-DDA1-463E-9267-713EC176C555} = {3652C532-4DB6-40F7-ADEF-3E0FCAFCF83D}
		{3E7D64F0-44BE-491C-B001-1A1FD375178C} = {3652C532-4DB6-40F7-ADEF-3E0FCAFCF83D}
		{F5894694-3CBB-4F68-BF38-D507D4912B95} = {2B829392-3B93-4819-9F1D-B62267577BAC}
		{A22AB17C-67AF-4DE4-8482-FA9030960243} = {E7864662-9C8F-453C-967A-13DEBE3741FE}
		{635CBBE6-607C-48FC-BD88-150133091F71} = {E7864662-9C8F-453C-967A-13DEBE3741FE}
		{C69C697E-AA44-48CE-9423-69D0B64EE9D3} = {4DA85C61-3CB2-4B90-A441-FA32B5797731}
		{D0B081A4-E865-4AAB-B3C9-4A179B2AE0A7} = {4DA85C61-3CB2-4B90-A441-FA32B5797731}
		{A5B6BC57-ABB1-407C-AC81-8E37DF5726B2} = {F9210572-9217-4A8E-BA9F-6B59DF254D5B}
		{34D3F851-E387-4A75-867C-5E91F4AAA650} = {F9210572-9217-4A8E-BA9F-6B59DF254D5B}
		{AA8BF7C7-71C5-4667-A6B1-3507AC6BABC7} = {E1D59AFF-BEBF-4D10-9CE4-5AB156A316CC}
		{FD214A0F-B101-48A7-9078-234B43FA3788} = {E1D59AFF-BEBF-4D10-9CE4-5AB156A316CC}
		{3D99C2D3-8B8D-4F4A-8C4E-3D666BC44D44} = {E1D59AFF-BEBF-4D10-9CE4-5AB156A316CC}
		{5E5C9993-CFB4-4A82-944F-D8F8720AFE23} = {E1D59AFF-BEBF-4D10-9CE4-5AB156A316CC}
		{FD98DB65-70D9-4AE8-8473-5275BB224DAB} = {E1D59AFF-BEBF-4D10-9CE4-5AB156A316CC}
	EndGlobalSection
	GlobalSection(ExtensibilityGlobals) = postSolution
		SolutionGuid = {625C8EA5-BBAB-4541-8CA9-F4714AAB8DE5}
	EndGlobalSection
EndGlobal
